
Microsoft Visual Studio Solution File, Format Version 12.00
# Visual Studio Version 17
VisualStudioVersion = 17.14.36414.22
MinimumVisualStudioVersion = 10.0.40219.1
Project("{FAE04EC0-301F-11D3-BF4B-00C04F79EFBC}") = "L009_String_Och_Char_Metoder", "L009_String_Och_Char_Metoder\L009_String_Och_Char_Metoder.csproj", "{0A19205D-8D65-4141-9915-01427600EDA6}"
EndProject
Project("{FAE04EC0-301F-11D3-BF4B-00C04F79EFBC}") = "L010_Math_Random_Console", "L010_Math_Random_Console\L010_Math_Random_Console.csproj", "{7F142978-3D45-4A21-AD39-7907C2F6EA17}"
EndProject
Project("{FAE04EC0-301F-11D3-BF4B-00C04F79EFBC}") = "L007_Strängar", "L007_Strängar\L007_Strängar.csproj", "{E4AECE5B-8B0C-658E-6A9E-1B42C352DD9B}"
EndProject
Project("{FAE04EC0-301F-11D3-BF4B-00C04F79EFBC}") = "L011_Exception_Handling", "L011_Exception_Handling\L011_Exception_Handling.csproj", "{C6D7A4A5-E1AA-48D0-9913-C62C465CA4F8}"
EndProject
Project("{FAE04EC0-301F-11D3-BF4B-00C04F79EFBC}") = "L014_StreamReader_&_StreamWriter", "L014_StreamReader_&_StreamWriter\L014_StreamReader_&_StreamWriter.csproj", "{6D48742D-E06A-1D2F-AFB0-25B88F6329F2}"
EndProject
Project("{FAE04EC0-301F-11D3-BF4B-00C04F79EFBC}") = "L013_Path_and_Directory", "L013_Path_and_Directory\L013_Path_and_Directory.csproj", "{9470E9D9-7CD1-7448-3164-C944C893D2C3}"
EndProject
Project("{FAE04EC0-301F-11D3-BF4B-00C04F79EFBC}") = "L006_Array", "L006_Array\L006_Array.csproj", "{77D97784-70D2-1F9B-863E-97EA36171352}"
EndProject
Project("{FAE04EC0-301F-11D3-BF4B-00C04F79EFBC}") = "L005_loopar", "L005_loopar\L005_loopar.csproj", "{91DBB054-5F9A-3F07-2D6C-8A411B1639E0}"
EndProject
Project("{FAE04EC0-301F-11D3-BF4B-00C04F79EFBC}") = "L003_Operatorer", "L003_Operatorer\L003_Operatorer.csproj", "{40A1160B-B7F1-F367-47CE-3E78A131C9E0}"
EndProject
Project("{FAE04EC0-301F-11D3-BF4B-00C04F79EFBC}") = "L002_Variabler", "L002_Variabler\L002_Variabler.csproj", "{DF2075EF-154B-E49D-8135-FD7B83820678}"
EndProject
Project("{FAE04EC0-301F-11D3-BF4B-00C04F79EFBC}") = "L001", "L001\L001.csproj", "{998F1B08-0C68-1DD0-C88B-9D4CC2889E86}"
EndProject
Project("{FAE04EC0-301F-11D3-BF4B-00C04F79EFBC}") = "L012_CharacterEncoding", "L012_CharacterEncoding\L012_CharacterEncoding.csproj", "{BE11511D-24AD-4251-AF5A-E5FA3B075DFC}"
EndProject
Project("{FAE04EC0-301F-11D3-BF4B-00C04F79EFBC}") = "L008_Funktioner", "L008_Funktioner\L008_Funktioner.csproj", "{1FED4BA1-B1CC-8C96-5667-6CB102C2B961}"
EndProject
Project("{FAE04EC0-301F-11D3-BF4B-00C04F79EFBC}") = "L004_if-satser", "L004_if_Satser\L004_if-satser.csproj", "{422D8189-0CB8-8003-F0F7-2CA404D96F1B}"
EndProject
Project("{FAE04EC0-301F-11D3-BF4B-00C04F79EFBC}") = "L015_FileStream", "L015_FileStream\L015_FileStream.csproj", "{E335758E-6FB9-43AE-9706-CB7128488447}"
EndProject
Project("{FAE04EC0-301F-11D3-BF4B-00C04F79EFBC}") = "L016_OOP_Intro", "L016_OOP_Intro\L016_OOP_Intro.csproj", "{1FE5B7D1-AA16-4FAA-BBB0-1C6A26800E8D}"
EndProject
Project("{FAE04EC0-301F-11D3-BF4B-00C04F79EFBC}") = "L017_Main_Method_entry_point", "L017_Main_Method_entry_point\L017_Main_Method_entry_point.csproj", "{40F120E5-E5E8-491C-A429-E407D96FE2B8}"
EndProject
Project("{FAE04EC0-301F-11D3-BF4B-00C04F79EFBC}") = "L018_Namespaces", "L018_Namespaces\L018_Namespaces.csproj", "{DC49F955-8B7D-4FE9-9F20-AA03BA3FC069}"
EndProject
Project("{FAE04EC0-301F-11D3-BF4B-00C04F79EFBC}") = "L019_Konstruktor", "L019_Konstruktor\L019_Konstruktor.csproj", "{FE61F238-0782-4F83-9407-E347C70F1D20}"
EndProject
Project("{FAE04EC0-301F-11D3-BF4B-00C04F79EFBC}") = "L020_Properties", "L020_Properties\L020_Properties.csproj", "{7CA68CE1-B306-4B68-A7D0-52631C33C8F6}"
EndProject
Project("{FAE04EC0-301F-11D3-BF4B-00C04F79EFBC}") = "L021_Pass_by_value_vs_Pass_by_reference", "L021_Pass_by_value_vs_Pass_by_reference\L021_Pass_by_value_vs_Pass_by_reference.csproj", "{AE3F77C0-A884-4181-9D78-D73935DD0B0E}"
EndProject
Project("{FAE04EC0-301F-11D3-BF4B-00C04F79EFBC}") = "L022_Struct_Enum", "L022_Struct_Enum\L022_Struct_Enum.csproj", "{7B413725-38B9-45A0-9A5F-21EFED6222F5}"
EndProject
Project("{FAE04EC0-301F-11D3-BF4B-00C04F79EFBC}") = "L023_Arv", "L023_Arv\L023_Arv.csproj", "{566D4571-F8A2-4AAE-871B-44F47FF547EC}"
EndProject
Project("{FAE04EC0-301F-11D3-BF4B-00C04F79EFBC}") = "Sandbox", "Sandbox\Sandbox.csproj", "{7017E335-78EF-4595-8CF0-B530C0A4D37A}"
EndProject
Project("{FAE04EC0-301F-11D3-BF4B-00C04F79EFBC}") = "L025_Constructor_Chaining", "L025_Constructor_Chaining\L025_Constructor_Chaining.csproj", "{A748FC0C-87C5-46C4-8B56-FA603B0433F9}"
EndProject
Project("{FAE04EC0-301F-11D3-BF4B-00C04F79EFBC}") = "L024_Komposition", "L024_Komposition\L024_Komposition.csproj", "{FD15BA3D-CF61-469A-859D-99D0AECE7558}"
EndProject
Project("{FAE04EC0-301F-11D3-BF4B-00C04F79EFBC}") = "L026_Generics", "L026_Generics\L026_Generics.csproj", "{3F30048B-91D5-43D4-96B5-7CE93DC12D27}"
EndProject
Project("{FAE04EC0-301F-11D3-BF4B-00C04F79EFBC}") = "L027_List", "L027_List\L027_List.csproj", "{BA467C38-A948-45D8-9B6E-9A26D083A834}"
EndProject
Project("{FAE04EC0-301F-11D3-BF4B-00C04F79EFBC}") = "L028_Dictionary", "L028_Dictionary\L028_Dictionary.csproj", "{FD315CFE-A3EB-483E-B874-180F37D68E58}"
EndProject
Project("{FAE04EC0-301F-11D3-BF4B-00C04F79EFBC}") = "L029_Delegates", "L029_Delegates\L029_Delegates.csproj", "{A90B6877-5FFE-48B7-8C6B-D00422F2DAD0}"
EndProject
Project("{FAE04EC0-301F-11D3-BF4B-00C04F79EFBC}") = "L030_Extension_methods", "L030_Extension_methods\L030_Extension_methods.csproj", "{39D207FF-46BC-434B-8B00-4FD587AC73E5}"
EndProject
Project("{FAE04EC0-301F-11D3-BF4B-00C04F79EFBC}") = "L031_Library", "L031_Library\L031_Library.csproj", "{46B4E5A0-A91F-412F-A6B3-42299072D0FE}"
EndProject
Project("{FAE04EC0-301F-11D3-BF4B-00C04F79EFBC}") = "L032_Events", "L032_Events\L032_Events.csproj", "{E52A8368-DD1A-4DCF-B42C-1B15C333EA1E}"
EndProject
Project("{FAE04EC0-301F-11D3-BF4B-00C04F79EFBC}") = "L033_Lambda_expression", "L033_Lambda_expression\L033_Lambda_expression.csproj", "{06142C50-46F9-4B36-928C-13AD1199C686}"
EndProject
Project("{FAE04EC0-301F-11D3-BF4B-00C04F79EFBC}") = "L034_Anonymous_types", "L034_Anonymous_types\L034_Anonymous_types.csproj", "{66BDBB67-4611-488C-9762-1B4EE995F9B9}"
EndProject
Project("{FAE04EC0-301F-11D3-BF4B-00C04F79EFBC}") = "L035_Interface", "L035_Interface\L035_Interface.csproj", "{8C0B5C4B-8542-482A-9C22-BD940FBC82EF}"
EndProject
Project("{FAE04EC0-301F-11D3-BF4B-00C04F79EFBC}") = "L036_LINQ", "L036_LINQ\L036_LINQ.csproj", "{F080F3B1-F5E3-4FC0-A8F4-75A417205BC3}"
EndProject
Project("{FAE04EC0-301F-11D3-BF4B-00C04F79EFBC}") = "L037_Yield_return", "L037_Yield_return\L037_Yield_return.csproj", "{262285E2-0093-4B3E-9596-156DD61BF253}"
EndProject
Project("{FAE04EC0-301F-11D3-BF4B-00C04F79EFBC}") = "L038_PLINQ", "L038_PLINQ\L038_PLINQ.csproj", "{47B8AAB9-8B2D-4293-9A7A-6408BF4538CB}"
EndProject
Project("{FAE04EC0-301F-11D3-BF4B-00C04F79EFBC}") = "L039_Tasks", "L039_Tasks\L039_Tasks.csproj", "{F37F22C6-67B7-4F28-AE3C-27AEC7A04CD8}"
EndProject
Global
	GlobalSection(SolutionConfigurationPlatforms) = preSolution
		Debug|Any CPU = Debug|Any CPU
		Release|Any CPU = Release|Any CPU
	EndGlobalSection
	GlobalSection(ProjectConfigurationPlatforms) = postSolution
		{0A19205D-8D65-4141-9915-01427600EDA6}.Debug|Any CPU.ActiveCfg = Debug|Any CPU
		{0A19205D-8D65-4141-9915-01427600EDA6}.Debug|Any CPU.Build.0 = Debug|Any CPU
		{0A19205D-8D65-4141-9915-01427600EDA6}.Release|Any CPU.ActiveCfg = Release|Any CPU
		{0A19205D-8D65-4141-9915-01427600EDA6}.Release|Any CPU.Build.0 = Release|Any CPU
		{7F142978-3D45-4A21-AD39-7907C2F6EA17}.Debug|Any CPU.ActiveCfg = Debug|Any CPU
		{7F142978-3D45-4A21-AD39-7907C2F6EA17}.Debug|Any CPU.Build.0 = Debug|Any CPU
		{7F142978-3D45-4A21-AD39-7907C2F6EA17}.Release|Any CPU.ActiveCfg = Release|Any CPU
		{7F142978-3D45-4A21-AD39-7907C2F6EA17}.Release|Any CPU.Build.0 = Release|Any CPU
		{E4AECE5B-8B0C-658E-6A9E-1B42C352DD9B}.Debug|Any CPU.ActiveCfg = Debug|Any CPU
		{E4AECE5B-8B0C-658E-6A9E-1B42C352DD9B}.Debug|Any CPU.Build.0 = Debug|Any CPU
		{E4AECE5B-8B0C-658E-6A9E-1B42C352DD9B}.Release|Any CPU.ActiveCfg = Release|Any CPU
		{E4AECE5B-8B0C-658E-6A9E-1B42C352DD9B}.Release|Any CPU.Build.0 = Release|Any CPU
		{C6D7A4A5-E1AA-48D0-9913-C62C465CA4F8}.Debug|Any CPU.ActiveCfg = Debug|Any CPU
		{C6D7A4A5-E1AA-48D0-9913-C62C465CA4F8}.Debug|Any CPU.Build.0 = Debug|Any CPU
		{C6D7A4A5-E1AA-48D0-9913-C62C465CA4F8}.Release|Any CPU.ActiveCfg = Release|Any CPU
		{C6D7A4A5-E1AA-48D0-9913-C62C465CA4F8}.Release|Any CPU.Build.0 = Release|Any CPU
		{6D48742D-E06A-1D2F-AFB0-25B88F6329F2}.Debug|Any CPU.ActiveCfg = Debug|Any CPU
		{6D48742D-E06A-1D2F-AFB0-25B88F6329F2}.Debug|Any CPU.Build.0 = Debug|Any CPU
		{6D48742D-E06A-1D2F-AFB0-25B88F6329F2}.Release|Any CPU.ActiveCfg = Release|Any CPU
		{6D48742D-E06A-1D2F-AFB0-25B88F6329F2}.Release|Any CPU.Build.0 = Release|Any CPU
		{9470E9D9-7CD1-7448-3164-C944C893D2C3}.Debug|Any CPU.ActiveCfg = Debug|Any CPU
		{9470E9D9-7CD1-7448-3164-C944C893D2C3}.Debug|Any CPU.Build.0 = Debug|Any CPU
		{9470E9D9-7CD1-7448-3164-C944C893D2C3}.Release|Any CPU.ActiveCfg = Release|Any CPU
		{9470E9D9-7CD1-7448-3164-C944C893D2C3}.Release|Any CPU.Build.0 = Release|Any CPU
		{77D97784-70D2-1F9B-863E-97EA36171352}.Debug|Any CPU.ActiveCfg = Debug|Any CPU
		{77D97784-70D2-1F9B-863E-97EA36171352}.Debug|Any CPU.Build.0 = Debug|Any CPU
		{77D97784-70D2-1F9B-863E-97EA36171352}.Release|Any CPU.ActiveCfg = Release|Any CPU
		{77D97784-70D2-1F9B-863E-97EA36171352}.Release|Any CPU.Build.0 = Release|Any CPU
		{91DBB054-5F9A-3F07-2D6C-8A411B1639E0}.Debug|Any CPU.ActiveCfg = Debug|Any CPU
		{91DBB054-5F9A-3F07-2D6C-8A411B1639E0}.Debug|Any CPU.Build.0 = Debug|Any CPU
		{91DBB054-5F9A-3F07-2D6C-8A411B1639E0}.Release|Any CPU.ActiveCfg = Release|Any CPU
		{91DBB054-5F9A-3F07-2D6C-8A411B1639E0}.Release|Any CPU.Build.0 = Release|Any CPU
		{40A1160B-B7F1-F367-47CE-3E78A131C9E0}.Debug|Any CPU.ActiveCfg = Debug|Any CPU
		{40A1160B-B7F1-F367-47CE-3E78A131C9E0}.Debug|Any CPU.Build.0 = Debug|Any CPU
		{40A1160B-B7F1-F367-47CE-3E78A131C9E0}.Release|Any CPU.ActiveCfg = Release|Any CPU
		{40A1160B-B7F1-F367-47CE-3E78A131C9E0}.Release|Any CPU.Build.0 = Release|Any CPU
		{DF2075EF-154B-E49D-8135-FD7B83820678}.Debug|Any CPU.ActiveCfg = Debug|Any CPU
		{DF2075EF-154B-E49D-8135-FD7B83820678}.Debug|Any CPU.Build.0 = Debug|Any CPU
		{DF2075EF-154B-E49D-8135-FD7B83820678}.Release|Any CPU.ActiveCfg = Release|Any CPU
		{DF2075EF-154B-E49D-8135-FD7B83820678}.Release|Any CPU.Build.0 = Release|Any CPU
		{998F1B08-0C68-1DD0-C88B-9D4CC2889E86}.Debug|Any CPU.ActiveCfg = Debug|Any CPU
		{998F1B08-0C68-1DD0-C88B-9D4CC2889E86}.Debug|Any CPU.Build.0 = Debug|Any CPU
		{998F1B08-0C68-1DD0-C88B-9D4CC2889E86}.Release|Any CPU.ActiveCfg = Release|Any CPU
		{998F1B08-0C68-1DD0-C88B-9D4CC2889E86}.Release|Any CPU.Build.0 = Release|Any CPU
		{BE11511D-24AD-4251-AF5A-E5FA3B075DFC}.Debug|Any CPU.ActiveCfg = Debug|Any CPU
		{BE11511D-24AD-4251-AF5A-E5FA3B075DFC}.Debug|Any CPU.Build.0 = Debug|Any CPU
		{BE11511D-24AD-4251-AF5A-E5FA3B075DFC}.Release|Any CPU.ActiveCfg = Release|Any CPU
		{BE11511D-24AD-4251-AF5A-E5FA3B075DFC}.Release|Any CPU.Build.0 = Release|Any CPU
		{1FED4BA1-B1CC-8C96-5667-6CB102C2B961}.Debug|Any CPU.ActiveCfg = Debug|Any CPU
		{1FED4BA1-B1CC-8C96-5667-6CB102C2B961}.Debug|Any CPU.Build.0 = Debug|Any CPU
		{1FED4BA1-B1CC-8C96-5667-6CB102C2B961}.Release|Any CPU.ActiveCfg = Release|Any CPU
		{1FED4BA1-B1CC-8C96-5667-6CB102C2B961}.Release|Any CPU.Build.0 = Release|Any CPU
		{422D8189-0CB8-8003-F0F7-2CA404D96F1B}.Debug|Any CPU.ActiveCfg = Debug|Any CPU
		{422D8189-0CB8-8003-F0F7-2CA404D96F1B}.Debug|Any CPU.Build.0 = Debug|Any CPU
		{422D8189-0CB8-8003-F0F7-2CA404D96F1B}.Release|Any CPU.ActiveCfg = Release|Any CPU
		{422D8189-0CB8-8003-F0F7-2CA404D96F1B}.Release|Any CPU.Build.0 = Release|Any CPU
		{E335758E-6FB9-43AE-9706-CB7128488447}.Debug|Any CPU.ActiveCfg = Debug|Any CPU
		{E335758E-6FB9-43AE-9706-CB7128488447}.Debug|Any CPU.Build.0 = Debug|Any CPU
		{E335758E-6FB9-43AE-9706-CB7128488447}.Release|Any CPU.ActiveCfg = Release|Any CPU
		{E335758E-6FB9-43AE-9706-CB7128488447}.Release|Any CPU.Build.0 = Release|Any CPU
		{1FE5B7D1-AA16-4FAA-BBB0-1C6A26800E8D}.Debug|Any CPU.ActiveCfg = Debug|Any CPU
		{1FE5B7D1-AA16-4FAA-BBB0-1C6A26800E8D}.Debug|Any CPU.Build.0 = Debug|Any CPU
		{1FE5B7D1-AA16-4FAA-BBB0-1C6A26800E8D}.Release|Any CPU.ActiveCfg = Release|Any CPU
		{1FE5B7D1-AA16-4FAA-BBB0-1C6A26800E8D}.Release|Any CPU.Build.0 = Release|Any CPU
		{40F120E5-E5E8-491C-A429-E407D96FE2B8}.Debug|Any CPU.ActiveCfg = Debug|Any CPU
		{40F120E5-E5E8-491C-A429-E407D96FE2B8}.Debug|Any CPU.Build.0 = Debug|Any CPU
		{40F120E5-E5E8-491C-A429-E407D96FE2B8}.Release|Any CPU.ActiveCfg = Release|Any CPU
		{40F120E5-E5E8-491C-A429-E407D96FE2B8}.Release|Any CPU.Build.0 = Release|Any CPU
		{DC49F955-8B7D-4FE9-9F20-AA03BA3FC069}.Debug|Any CPU.ActiveCfg = Debug|Any CPU
		{DC49F955-8B7D-4FE9-9F20-AA03BA3FC069}.Debug|Any CPU.Build.0 = Debug|Any CPU
		{DC49F955-8B7D-4FE9-9F20-AA03BA3FC069}.Release|Any CPU.ActiveCfg = Release|Any CPU
		{DC49F955-8B7D-4FE9-9F20-AA03BA3FC069}.Release|Any CPU.Build.0 = Release|Any CPU
		{FE61F238-0782-4F83-9407-E347C70F1D20}.Debug|Any CPU.ActiveCfg = Debug|Any CPU
		{FE61F238-0782-4F83-9407-E347C70F1D20}.Debug|Any CPU.Build.0 = Debug|Any CPU
		{FE61F238-0782-4F83-9407-E347C70F1D20}.Release|Any CPU.ActiveCfg = Release|Any CPU
		{FE61F238-0782-4F83-9407-E347C70F1D20}.Release|Any CPU.Build.0 = Release|Any CPU
		{7CA68CE1-B306-4B68-A7D0-52631C33C8F6}.Debug|Any CPU.ActiveCfg = Debug|Any CPU
		{7CA68CE1-B306-4B68-A7D0-52631C33C8F6}.Debug|Any CPU.Build.0 = Debug|Any CPU
		{7CA68CE1-B306-4B68-A7D0-52631C33C8F6}.Release|Any CPU.ActiveCfg = Release|Any CPU
		{7CA68CE1-B306-4B68-A7D0-52631C33C8F6}.Release|Any CPU.Build.0 = Release|Any CPU
		{AE3F77C0-A884-4181-9D78-D73935DD0B0E}.Debug|Any CPU.ActiveCfg = Debug|Any CPU
		{AE3F77C0-A884-4181-9D78-D73935DD0B0E}.Debug|Any CPU.Build.0 = Debug|Any CPU
		{AE3F77C0-A884-4181-9D78-D73935DD0B0E}.Release|Any CPU.ActiveCfg = Release|Any CPU
		{AE3F77C0-A884-4181-9D78-D73935DD0B0E}.Release|Any CPU.Build.0 = Release|Any CPU
		{7B413725-38B9-45A0-9A5F-21EFED6222F5}.Debug|Any CPU.ActiveCfg = Debug|Any CPU
		{7B413725-38B9-45A0-9A5F-21EFED6222F5}.Debug|Any CPU.Build.0 = Debug|Any CPU
		{7B413725-38B9-45A0-9A5F-21EFED6222F5}.Release|Any CPU.ActiveCfg = Release|Any CPU
		{7B413725-38B9-45A0-9A5F-21EFED6222F5}.Release|Any CPU.Build.0 = Release|Any CPU
		{566D4571-F8A2-4AAE-871B-44F47FF547EC}.Debug|Any CPU.ActiveCfg = Debug|Any CPU
		{566D4571-F8A2-4AAE-871B-44F47FF547EC}.Debug|Any CPU.Build.0 = Debug|Any CPU
		{566D4571-F8A2-4AAE-871B-44F47FF547EC}.Release|Any CPU.ActiveCfg = Release|Any CPU
		{566D4571-F8A2-4AAE-871B-44F47FF547EC}.Release|Any CPU.Build.0 = Release|Any CPU
		{7017E335-78EF-4595-8CF0-B530C0A4D37A}.Debug|Any CPU.ActiveCfg = Debug|Any CPU
		{7017E335-78EF-4595-8CF0-B530C0A4D37A}.Debug|Any CPU.Build.0 = Debug|Any CPU
		{7017E335-78EF-4595-8CF0-B530C0A4D37A}.Release|Any CPU.ActiveCfg = Release|Any CPU
		{7017E335-78EF-4595-8CF0-B530C0A4D37A}.Release|Any CPU.Build.0 = Release|Any CPU
		{A748FC0C-87C5-46C4-8B56-FA603B0433F9}.Debug|Any CPU.ActiveCfg = Debug|Any CPU
		{A748FC0C-87C5-46C4-8B56-FA603B0433F9}.Debug|Any CPU.Build.0 = Debug|Any CPU
		{A748FC0C-87C5-46C4-8B56-FA603B0433F9}.Release|Any CPU.ActiveCfg = Release|Any CPU
		{A748FC0C-87C5-46C4-8B56-FA603B0433F9}.Release|Any CPU.Build.0 = Release|Any CPU
		{FD15BA3D-CF61-469A-859D-99D0AECE7558}.Debug|Any CPU.ActiveCfg = Debug|Any CPU
		{FD15BA3D-CF61-469A-859D-99D0AECE7558}.Debug|Any CPU.Build.0 = Debug|Any CPU
		{FD15BA3D-CF61-469A-859D-99D0AECE7558}.Release|Any CPU.ActiveCfg = Release|Any CPU
		{FD15BA3D-CF61-469A-859D-99D0AECE7558}.Release|Any CPU.Build.0 = Release|Any CPU
		{3F30048B-91D5-43D4-96B5-7CE93DC12D27}.Debug|Any CPU.ActiveCfg = Debug|Any CPU
		{3F30048B-91D5-43D4-96B5-7CE93DC12D27}.Debug|Any CPU.Build.0 = Debug|Any CPU
		{3F30048B-91D5-43D4-96B5-7CE93DC12D27}.Release|Any CPU.ActiveCfg = Release|Any CPU
		{3F30048B-91D5-43D4-96B5-7CE93DC12D27}.Release|Any CPU.Build.0 = Release|Any CPU
		{BA467C38-A948-45D8-9B6E-9A26D083A834}.Debug|Any CPU.ActiveCfg = Debug|Any CPU
		{BA467C38-A948-45D8-9B6E-9A26D083A834}.Debug|Any CPU.Build.0 = Debug|Any CPU
		{BA467C38-A948-45D8-9B6E-9A26D083A834}.Release|Any CPU.ActiveCfg = Release|Any CPU
		{BA467C38-A948-45D8-9B6E-9A26D083A834}.Release|Any CPU.Build.0 = Release|Any CPU
		{FD315CFE-A3EB-483E-B874-180F37D68E58}.Debug|Any CPU.ActiveCfg = Debug|Any CPU
		{FD315CFE-A3EB-483E-B874-180F37D68E58}.Debug|Any CPU.Build.0 = Debug|Any CPU
		{FD315CFE-A3EB-483E-B874-180F37D68E58}.Release|Any CPU.ActiveCfg = Release|Any CPU
		{FD315CFE-A3EB-483E-B874-180F37D68E58}.Release|Any CPU.Build.0 = Release|Any CPU
		{A90B6877-5FFE-48B7-8C6B-D00422F2DAD0}.Debug|Any CPU.ActiveCfg = Debug|Any CPU
		{A90B6877-5FFE-48B7-8C6B-D00422F2DAD0}.Debug|Any CPU.Build.0 = Debug|Any CPU
		{A90B6877-5FFE-48B7-8C6B-D00422F2DAD0}.Release|Any CPU.ActiveCfg = Release|Any CPU
		{A90B6877-5FFE-48B7-8C6B-D00422F2DAD0}.Release|Any CPU.Build.0 = Release|Any CPU
		{39D207FF-46BC-434B-8B00-4FD587AC73E5}.Debug|Any CPU.ActiveCfg = Debug|Any CPU
		{39D207FF-46BC-434B-8B00-4FD587AC73E5}.Debug|Any CPU.Build.0 = Debug|Any CPU
		{39D207FF-46BC-434B-8B00-4FD587AC73E5}.Release|Any CPU.ActiveCfg = Release|Any CPU
		{39D207FF-46BC-434B-8B00-4FD587AC73E5}.Release|Any CPU.Build.0 = Release|Any CPU
		{46B4E5A0-A91F-412F-A6B3-42299072D0FE}.Debug|Any CPU.ActiveCfg = Debug|Any CPU
		{46B4E5A0-A91F-412F-A6B3-42299072D0FE}.Debug|Any CPU.Build.0 = Debug|Any CPU
		{46B4E5A0-A91F-412F-A6B3-42299072D0FE}.Release|Any CPU.ActiveCfg = Release|Any CPU
		{46B4E5A0-A91F-412F-A6B3-42299072D0FE}.Release|Any CPU.Build.0 = Release|Any CPU
		{E52A8368-DD1A-4DCF-B42C-1B15C333EA1E}.Debug|Any CPU.ActiveCfg = Debug|Any CPU
		{E52A8368-DD1A-4DCF-B42C-1B15C333EA1E}.Debug|Any CPU.Build.0 = Debug|Any CPU
		{E52A8368-DD1A-4DCF-B42C-1B15C333EA1E}.Release|Any CPU.ActiveCfg = Release|Any CPU
		{E52A8368-DD1A-4DCF-B42C-1B15C333EA1E}.Release|Any CPU.Build.0 = Release|Any CPU
		{06142C50-46F9-4B36-928C-13AD1199C686}.Debug|Any CPU.ActiveCfg = Debug|Any CPU
		{06142C50-46F9-4B36-928C-13AD1199C686}.Debug|Any CPU.Build.0 = Debug|Any CPU
		{06142C50-46F9-4B36-928C-13AD1199C686}.Release|Any CPU.ActiveCfg = Release|Any CPU
		{06142C50-46F9-4B36-928C-13AD1199C686}.Release|Any CPU.Build.0 = Release|Any CPU
		{66BDBB67-4611-488C-9762-1B4EE995F9B9}.Debug|Any CPU.ActiveCfg = Debug|Any CPU
		{66BDBB67-4611-488C-9762-1B4EE995F9B9}.Debug|Any CPU.Build.0 = Debug|Any CPU
		{66BDBB67-4611-488C-9762-1B4EE995F9B9}.Release|Any CPU.ActiveCfg = Release|Any CPU
		{66BDBB67-4611-488C-9762-1B4EE995F9B9}.Release|Any CPU.Build.0 = Release|Any CPU
		{8C0B5C4B-8542-482A-9C22-BD940FBC82EF}.Debug|Any CPU.ActiveCfg = Debug|Any CPU
		{8C0B5C4B-8542-482A-9C22-BD940FBC82EF}.Debug|Any CPU.Build.0 = Debug|Any CPU
		{8C0B5C4B-8542-482A-9C22-BD940FBC82EF}.Release|Any CPU.ActiveCfg = Release|Any CPU
		{8C0B5C4B-8542-482A-9C22-BD940FBC82EF}.Release|Any CPU.Build.0 = Release|Any CPU
		{F080F3B1-F5E3-4FC0-A8F4-75A417205BC3}.Debug|Any CPU.ActiveCfg = Debug|Any CPU
		{F080F3B1-F5E3-4FC0-A8F4-75A417205BC3}.Debug|Any CPU.Build.0 = Debug|Any CPU
		{F080F3B1-F5E3-4FC0-A8F4-75A417205BC3}.Release|Any CPU.ActiveCfg = Release|Any CPU
		{F080F3B1-F5E3-4FC0-A8F4-75A417205BC3}.Release|Any CPU.Build.0 = Release|Any CPU
		{262285E2-0093-4B3E-9596-156DD61BF253}.Debug|Any CPU.ActiveCfg = Debug|Any CPU
		{262285E2-0093-4B3E-9596-156DD61BF253}.Debug|Any CPU.Build.0 = Debug|Any CPU
		{262285E2-0093-4B3E-9596-156DD61BF253}.Release|Any CPU.ActiveCfg = Release|Any CPU
		{262285E2-0093-4B3E-9596-156DD61BF253}.Release|Any CPU.Build.0 = Release|Any CPU
		{47B8AAB9-8B2D-4293-9A7A-6408BF4538CB}.Debug|Any CPU.ActiveCfg = Debug|Any CPU
		{47B8AAB9-8B2D-4293-9A7A-6408BF4538CB}.Debug|Any CPU.Build.0 = Debug|Any CPU
		{47B8AAB9-8B2D-4293-9A7A-6408BF4538CB}.Release|Any CPU.ActiveCfg = Release|Any CPU
		{47B8AAB9-8B2D-4293-9A7A-6408BF4538CB}.Release|Any CPU.Build.0 = Release|Any CPU
		{F37F22C6-67B7-4F28-AE3C-27AEC7A04CD8}.Debug|Any CPU.ActiveCfg = Debug|Any CPU
		{F37F22C6-67B7-4F28-AE3C-27AEC7A04CD8}.Debug|Any CPU.Build.0 = Debug|Any CPU
		{F37F22C6-67B7-4F28-AE3C-27AEC7A04CD8}.Release|Any CPU.ActiveCfg = Release|Any CPU
		{F37F22C6-67B7-4F28-AE3C-27AEC7A04CD8}.Release|Any CPU.Build.0 = Release|Any CPU
	EndGlobalSection
	GlobalSection(SolutionProperties) = preSolution
		HideSolutionNode = FALSE
	EndGlobalSection
	GlobalSection(ExtensibilityGlobals) = postSolution
		SolutionGuid = {34B1FF67-DD3C-4054-921B-8723C5507136}
	EndGlobalSection
EndGlobal
